// !$*UTF8*$!
{
	archiveVersion = 1;
	classes = {
	};
	objectVersion = 46;
	objects = {

/* Begin PBXBuildFile section */
		16FDCFD11F44704700B1E402 /* AppDelegate.swift in Sources */ = {isa = PBXBuildFile; fileRef = 16FDCFD01F44704700B1E402 /* AppDelegate.swift */; };
		16FDCFD31F44704700B1E402 /* ViewController.swift in Sources */ = {isa = PBXBuildFile; fileRef = 16FDCFD21F44704700B1E402 /* ViewController.swift */; };
		16FDCFD61F44704800B1E402 /* Main.storyboard in Resources */ = {isa = PBXBuildFile; fileRef = 16FDCFD41F44704800B1E402 /* Main.storyboard */; };
		16FDCFD81F44704800B1E402 /* Assets.xcassets in Resources */ = {isa = PBXBuildFile; fileRef = 16FDCFD71F44704800B1E402 /* Assets.xcassets */; };
		16FDCFDB1F44704800B1E402 /* LaunchScreen.storyboard in Resources */ = {isa = PBXBuildFile; fileRef = 16FDCFD91F44704800B1E402 /* LaunchScreen.storyboard */; };
		2B13B0304A1E01D31CF8D3D6 /* Pods_Customers.framework in Frameworks */ = {isa = PBXBuildFile; fileRef = C5D2439D90A7671C6EF7AD45 /* Pods_Customers.framework */; };
/* End PBXBuildFile section */

/* Begin PBXFileReference section */
		16FDCFCD1F44704700B1E402 /* Customers.app */ = {isa = PBXFileReference; explicitFileType = wrapper.application; includeInIndex = 0; path = Customers.app; sourceTree = BUILT_PRODUCTS_DIR; };
		16FDCFD01F44704700B1E402 /* AppDelegate.swift */ = {isa = PBXFileReference; lastKnownFileType = sourcecode.swift; path = AppDelegate.swift; sourceTree = "<group>"; };
		16FDCFD21F44704700B1E402 /* ViewController.swift */ = {isa = PBXFileReference; lastKnownFileType = sourcecode.swift; path = ViewController.swift; sourceTree = "<group>"; };
		16FDCFD51F44704800B1E402 /* Base */ = {isa = PBXFileReference; lastKnownFileType = file.storyboard; name = Base; path = Base.lproj/Main.storyboard; sourceTree = "<group>"; };
		16FDCFD71F44704800B1E402 /* Assets.xcassets */ = {isa = PBXFileReference; lastKnownFileType = folder.assetcatalog; path = Assets.xcassets; sourceTree = "<group>"; };
		16FDCFDA1F44704800B1E402 /* Base */ = {isa = PBXFileReference; lastKnownFileType = file.storyboard; name = Base; path = Base.lproj/LaunchScreen.storyboard; sourceTree = "<group>"; };
		16FDCFDC1F44704800B1E402 /* Info.plist */ = {isa = PBXFileReference; lastKnownFileType = text.plist.xml; path = Info.plist; sourceTree = "<group>"; };
		91F9F87503254C431FDF81D5 /* Pods-Customers.release.xcconfig */ = {isa = PBXFileReference; includeInIndex = 1; lastKnownFileType = text.xcconfig; name = "Pods-Customers.release.xcconfig"; path = "Pods/Target Support Files/Pods-Customers/Pods-Customers.release.xcconfig"; sourceTree = "<group>"; };
		C5D2439D90A7671C6EF7AD45 /* Pods_Customers.framework */ = {isa = PBXFileReference; explicitFileType = wrapper.framework; includeInIndex = 0; path = Pods_Customers.framework; sourceTree = BUILT_PRODUCTS_DIR; };
		E3445E019F419A53A6B6A162 /* Pods-Customers.debug.xcconfig */ = {isa = PBXFileReference; includeInIndex = 1; lastKnownFileType = text.xcconfig; name = "Pods-Customers.debug.xcconfig"; path = "Pods/Target Support Files/Pods-Customers/Pods-Customers.debug.xcconfig"; sourceTree = "<group>"; };
/* End PBXFileReference section */

/* Begin PBXFrameworksBuildPhase section */
		16FDCFCA1F44704700B1E402 /* Frameworks */ = {
			isa = PBXFrameworksBuildPhase;
			buildActionMask = 2147483647;
			files = (
				2B13B0304A1E01D31CF8D3D6 /* Pods_Customers.framework in Frameworks */,
			);
			runOnlyForDeploymentPostprocessing = 0;
		};
/* End PBXFrameworksBuildPhase section */

/* Begin PBXGroup section */
		0EEC01E40481E69BE07AEFFF /* Pods */ = {
			isa = PBXGroup;
			children = (
				E3445E019F419A53A6B6A162 /* Pods-Customers.debug.xcconfig */,
				91F9F87503254C431FDF81D5 /* Pods-Customers.release.xcconfig */,
			);
			name = Pods;
			sourceTree = "<group>";
		};
		16FDCFC41F44704700B1E402 = {
			isa = PBXGroup;
			children = (
				16FDCFCF1F44704700B1E402 /* Customers */,
				16FDCFCE1F44704700B1E402 /* Products */,
				0EEC01E40481E69BE07AEFFF /* Pods */,
				7C26176B9D7B754EAAD93C70 /* Frameworks */,
			);
			sourceTree = "<group>";
		};
		16FDCFCE1F44704700B1E402 /* Products */ = {
			isa = PBXGroup;
			children = (
				16FDCFCD1F44704700B1E402 /* Customers.app */,
			);
			name = Products;
			sourceTree = "<group>";
		};
		16FDCFCF1F44704700B1E402 /* Customers */ = {
			isa = PBXGroup;
			children = (
				16FDCFD01F44704700B1E402 /* AppDelegate.swift */,
				16FDCFD21F44704700B1E402 /* ViewController.swift */,
				16FDCFD41F44704800B1E402 /* Main.storyboard */,
				16FDCFD71F44704800B1E402 /* Assets.xcassets */,
				16FDCFD91F44704800B1E402 /* LaunchScreen.storyboard */,
				16FDCFDC1F44704800B1E402 /* Info.plist */,
			);
			path = Customers;
			sourceTree = "<group>";
		};
		7C26176B9D7B754EAAD93C70 /* Frameworks */ = {
			isa = PBXGroup;
			children = (
				C5D2439D90A7671C6EF7AD45 /* Pods_Customers.framework */,
			);
			name = Frameworks;
			sourceTree = "<group>";
		};
/* End PBXGroup section */

/* Begin PBXNativeTarget section */
		16FDCFCC1F44704700B1E402 /* Customers */ = {
			isa = PBXNativeTarget;
			buildConfigurationList = 16FDCFDF1F44704800B1E402 /* Build configuration list for PBXNativeTarget "Customers" */;
			buildPhases = (
				C3CD7F3A0454117FEC3B7C16 /* [CP] Check Pods Manifest.lock */,
				16FDCFC91F44704700B1E402 /* Sources */,
				16FDCFCA1F44704700B1E402 /* Frameworks */,
				16FDCFCB1F44704700B1E402 /* Resources */,
				16FDCFE21F451E6100B1E402 /* Swiftlint */,
				2C8DA9E34B829A225C85EE42 /* [CP] Embed Pods Frameworks */,
				613EA90F681E0B8C2B958D25 /* [CP] Copy Pods Resources */,
			);
			buildRules = (
			);
			dependencies = (
			);
			name = Customers;
			productName = Customers;
			productReference = 16FDCFCD1F44704700B1E402 /* Customers.app */;
			productType = "com.apple.product-type.application";
		};
/* End PBXNativeTarget section */

/* Begin PBXProject section */
		16FDCFC51F44704700B1E402 /* Project object */ = {
			isa = PBXProject;
			attributes = {
				LastSwiftUpdateCheck = 0830;
				LastUpgradeCheck = 0830;
				ORGANIZATIONNAME = "Dave's Organization";
				TargetAttributes = {
					16FDCFCC1F44704700B1E402 = {
						CreatedOnToolsVersion = 8.3.3;
						DevelopmentTeam = 6F6J9E4SZ2;
						ProvisioningStyle = Automatic;
					};
				};
			};
			buildConfigurationList = 16FDCFC81F44704700B1E402 /* Build configuration list for PBXProject "Customers" */;
			compatibilityVersion = "Xcode 3.2";
			developmentRegion = English;
			hasScannedForEncodings = 0;
			knownRegions = (
				en,
				Base,
			);
			mainGroup = 16FDCFC41F44704700B1E402;
			productRefGroup = 16FDCFCE1F44704700B1E402 /* Products */;
			projectDirPath = "";
			projectRoot = "";
			targets = (
				16FDCFCC1F44704700B1E402 /* Customers */,
			);
		};
/* End PBXProject section */

/* Begin PBXResourcesBuildPhase section */
		16FDCFCB1F44704700B1E402 /* Resources */ = {
			isa = PBXResourcesBuildPhase;
			buildActionMask = 2147483647;
			files = (
				16FDCFDB1F44704800B1E402 /* LaunchScreen.storyboard in Resources */,
				16FDCFD81F44704800B1E402 /* Assets.xcassets in Resources */,
				16FDCFD61F44704800B1E402 /* Main.storyboard in Resources */,
			);
			runOnlyForDeploymentPostprocessing = 0;
		};
/* End PBXResourcesBuildPhase section */

/* Begin PBXShellScriptBuildPhase section */
		16FDCFE21F451E6100B1E402 /* Swiftlint */ = {
			isa = PBXShellScriptBuildPhase;
			buildActionMask = 2147483647;
			files = (
			);
			inputPaths = (
			);
			name = Swiftlint;
			outputPaths = (
			);
			runOnlyForDeploymentPostprocessing = 0;
			shellPath = /bin/sh;
			shellScript = "if which swiftlint >/dev/null; then\n    swiftlint\nelse\n    echo \"warning: SwiftLint not installed, download from https://github.com/realm/SwiftLint\"\nfi";
		};
		2C8DA9E34B829A225C85EE42 /* [CP] Embed Pods Frameworks */ = {
			isa = PBXShellScriptBuildPhase;
			buildActionMask = 2147483647;
			files = (
			);
			inputPaths = (
			);
			name = "[CP] Embed Pods Frameworks";
			outputPaths = (
			);
			runOnlyForDeploymentPostprocessing = 0;
			shellPath = /bin/sh;
			shellScript = "\"${SRCROOT}/Pods/Target Support Files/Pods-Customers/Pods-Customers-frameworks.sh\"\n";
			showEnvVarsInLog = 0;
		};
		613EA90F681E0B8C2B958D25 /* [CP] Copy Pods Resources */ = {
			isa = PBXShellScriptBuildPhase;
			buildActionMask = 2147483647;
			files = (
			);
			inputPaths = (
			);
			name = "[CP] Copy Pods Resources";
			outputPaths = (
			);
			runOnlyForDeploymentPostprocessing = 0;
			shellPath = /bin/sh;
			shellScript = "\"${SRCROOT}/Pods/Target Support Files/Pods-Customers/Pods-Customers-resources.sh\"\n";
			showEnvVarsInLog = 0;
		};
		C3CD7F3A0454117FEC3B7C16 /* [CP] Check Pods Manifest.lock */ = {
			isa = PBXShellScriptBuildPhase;
			buildActionMask = 2147483647;
			files = (
			);
			inputPaths = (
			);
			name = "[CP] Check Pods Manifest.lock";
			outputPaths = (
			);
			runOnlyForDeploymentPostprocessing = 0;
			shellPath = /bin/sh;
			shellScript = "diff \"${PODS_PODFILE_DIR_PATH}/Podfile.lock\" \"${PODS_ROOT}/Manifest.lock\" > /dev/null\nif [ $? != 0 ] ; then\n    # print error to STDERR\n    echo \"error: The sandbox is not in sync with the Podfile.lock. Run 'pod install' or update your CocoaPods installation.\" >&2\n    exit 1\nfi\n";
			showEnvVarsInLog = 0;
		};
/* End PBXShellScriptBuildPhase section */

/* Begin PBXSourcesBuildPhase section */
		16FDCFC91F44704700B1E402 /* Sources */ = {
			isa = PBXSourcesBuildPhase;
			buildActionMask = 2147483647;
			files = (
				16FDCFD31F44704700B1E402 /* ViewController.swift in Sources */,
				16FDCFD11F44704700B1E402 /* AppDelegate.swift in Sources */,
			);
			runOnlyForDeploymentPostprocessing = 0;
		};
/* End PBXSourcesBuildPhase section */

/* Begin PBXVariantGroup section */
		16FDCFD41F44704800B1E402 /* Main.storyboard */ = {
			isa = PBXVariantGroup;
			children = (
				16FDCFD51F44704800B1E402 /* Base */,
			);
			name = Main.storyboard;
			sourceTree = "<group>";
		};
		16FDCFD91F44704800B1E402 /* LaunchScreen.storyboard */ = {
			isa = PBXVariantGroup;
			children = (
				16FDCFDA1F44704800B1E402 /* Base */,
			);
			name = LaunchScreen.storyboard;
			sourceTree = "<group>";
		};
/* End PBXVariantGroup section */

/* Begin XCBuildConfiguration section */
		16FDCFDD1F44704800B1E402 /* Debug */ = {
			isa = XCBuildConfiguration;
			buildSettings = {
				ALWAYS_SEARCH_USER_PATHS = NO;
				CLANG_ANALYZER_NONNULL = YES;
				CLANG_ANALYZER_NUMBER_OBJECT_CONVERSION = YES_AGGRESSIVE;
				CLANG_CXX_LANGUAGE_STANDARD = "gnu++0x";
				CLANG_CXX_LIBRARY = "libc++";
				CLANG_ENABLE_MODULES = YES;
				CLANG_ENABLE_OBJC_ARC = YES;
				CLANG_WARN_BOOL_CONVERSION = YES;
				CLANG_WARN_CONSTANT_CONVERSION = YES;
				CLANG_WARN_DIRECT_OBJC_ISA_USAGE = YES_ERROR;
				CLANG_WARN_DOCUMENTATION_COMMENTS = YES;
				CLANG_WARN_EMPTY_BODY = YES;
				CLANG_WARN_ENUM_CONVERSION = YES;
				CLANG_WARN_INFINITE_RECURSION = YES;
				CLANG_WARN_INT_CONVERSION = YES;
				CLANG_WARN_OBJC_ROOT_CLASS = YES_ERROR;
				CLANG_WARN_SUSPICIOUS_MOVE = YES;
				CLANG_WARN_UNREACHABLE_CODE = YES;
				CLANG_WARN__DUPLICATE_METHOD_MATCH = YES;
				"CODE_SIGN_IDENTITY[sdk=iphoneos*]" = "iPhone Developer";
				COPY_PHASE_STRIP = NO;
				DEBUG_INFORMATION_FORMAT = dwarf;
				ENABLE_STRICT_OBJC_MSGSEND = YES;
				ENABLE_TESTABILITY = YES;
				GCC_C_LANGUAGE_STANDARD = gnu99;
				GCC_DYNAMIC_NO_PIC = NO;
				GCC_NO_COMMON_BLOCKS = YES;
				GCC_OPTIMIZATION_LEVEL = 0;
				GCC_PREPROCESSOR_DEFINITIONS = (
					"DEBUG=1",
					"$(inherited)",
				);
				GCC_WARN_64_TO_32_BIT_CONVERSION = YES;
				GCC_WARN_ABOUT_RETURN_TYPE = YES_ERROR;
				GCC_WARN_UNDECLARED_SELECTOR = YES;
				GCC_WARN_UNINITIALIZED_AUTOS = YES_AGGRESSIVE;
				GCC_WARN_UNUSED_FUNCTION = YES;
				GCC_WARN_UNUSED_VARIABLE = YES;
				IPHONEOS_DEPLOYMENT_TARGET = 10.3;
				MTL_ENABLE_DEBUG_INFO = YES;
				ONLY_ACTIVE_ARCH = YES;
				SDKROOT = iphoneos;
				SWIFT_ACTIVE_COMPILATION_CONDITIONS = DEBUG;
				SWIFT_OPTIMIZATION_LEVEL = "-Onone";
				TARGETED_DEVICE_FAMILY = "1,2";
			};
			name = Debug;
		};
		16FDCFDE1F44704800B1E402 /* Release */ = {
			isa = XCBuildConfiguration;
			buildSettings = {
				ALWAYS_SEARCH_USER_PATHS = NO;
				CLANG_ANALYZER_NONNULL = YES;
				CLANG_ANALYZER_NUMBER_OBJECT_CONVERSION = YES_AGGRESSIVE;
				CLANG_CXX_LANGUAGE_STANDARD = "gnu++0x";
				CLANG_CXX_LIBRARY = "libc++";
				CLANG_ENABLE_MODULES = YES;
				CLANG_ENABLE_OBJC_ARC = YES;
				CLANG_WARN_BOOL_CONVERSION = YES;
				CLANG_WARN_CONSTANT_CONVERSION = YES;
				CLANG_WARN_DIRECT_OBJC_ISA_USAGE = YES_ERROR;
				CLANG_WARN_DOCUMENTATION_COMMENTS = YES;
				CLANG_WARN_EMPTY_BODY = YES;
				CLANG_WARN_ENUM_CONVERSION = YES;
				CLANG_WARN_INFINITE_RECURSION = YES;
				CLANG_WARN_INT_CONVERSION = YES;
				CLANG_WARN_OBJC_ROOT_CLASS = YES_ERROR;
				CLANG_WARN_SUSPICIOUS_MOVE = YES;
				CLANG_WARN_UNREACHABLE_CODE = YES;
				CLANG_WARN__DUPLICATE_METHOD_MATCH = YES;
				"CODE_SIGN_IDENTITY[sdk=iphoneos*]" = "iPhone Developer";
				COPY_PHASE_STRIP = NO;
				DEBUG_INFORMATION_FORMAT = "dwarf-with-dsym";
				ENABLE_NS_ASSERTIONS = NO;
				ENABLE_STRICT_OBJC_MSGSEND = YES;
				GCC_C_LANGUAGE_STANDARD = gnu99;
				GCC_NO_COMMON_BLOCKS = YES;
				GCC_WARN_64_TO_32_BIT_CONVERSION = YES;
				GCC_WARN_ABOUT_RETURN_TYPE = YES_ERROR;
				GCC_WARN_UNDECLARED_SELECTOR = YES;
				GCC_WARN_UNINITIALIZED_AUTOS = YES_AGGRESSIVE;
				GCC_WARN_UNUSED_FUNCTION = YES;
				GCC_WARN_UNUSED_VARIABLE = YES;
				IPHONEOS_DEPLOYMENT_TARGET = 10.3;
				MTL_ENABLE_DEBUG_INFO = NO;
				SDKROOT = iphoneos;
				SWIFT_OPTIMIZATION_LEVEL = "-Owholemodule";
				TARGETED_DEVICE_FAMILY = "1,2";
				VALIDATE_PRODUCT = YES;
			};
			name = Release;
		};
		16FDCFE01F44704800B1E402 /* Debug */ = {
			isa = XCBuildConfiguration;
			baseConfigurationReference = E3445E019F419A53A6B6A162 /* Pods-Customers.debug.xcconfig */;
			buildSettings = {
				ASSETCATALOG_COMPILER_APPICON_NAME = AppIcon;
				DEVELOPMENT_TEAM = 6F6J9E4SZ2;
				INFOPLIST_FILE = Customers/Info.plist;
				LD_RUNPATH_SEARCH_PATHS = "$(inherited) @executable_path/Frameworks";
				PRODUCT_BUNDLE_IDENTIFIER = gumbad.Customers;
				PRODUCT_NAME = "$(TARGET_NAME)";
				SWIFT_VERSION = 3.0;
			};
			name = Debug;
		};
		16FDCFE11F44704800B1E402 /* Release */ = {
			isa = XCBuildConfiguration;
			baseConfigurationReference = 91F9F87503254C431FDF81D5 /* Pods-Customers.release.xcconfig */;
			buildSettings = {
				ASSETCATALOG_COMPILER_APPICON_NAME = AppIcon;
				DEVELOPMENT_TEAM = 6F6J9E4SZ2;
				INFOPLIST_FILE = Customers/Info.plist;
				LD_RUNPATH_SEARCH_PATHS = "$(inherited) @executable_path/Frameworks";
				PRODUCT_BUNDLE_IDENTIFIER = gumbad.Customers;
				PRODUCT_NAME = "$(TARGET_NAME)";
				SWIFT_VERSION = 3.0;
			};
			name = Release;
		};
/* End XCBuildConfiguration section */

/* Begin XCConfigurationList section */
		16FDCFC81F44704700B1E402 /* Build configuration list for PBXProject "Customers" */ = {
			isa = XCConfigurationList;
			buildConfigurations = (
				16FDCFDD1F44704800B1E402 /* Debug */,
				16FDCFDE1F44704800B1E402 /* Release */,
			);
			defaultConfigurationIsVisible = 0;
			defaultConfigurationName = Release;
		};
		16FDCFDF1F44704800B1E402 /* Build configuration list for PBXNativeTarget "Customers" */ = {
			isa = XCConfigurationList;
			buildConfigurations = (
				16FDCFE01F44704800B1E402 /* Debug */,
				16FDCFE11F44704800B1E402 /* Release */,
			);
			defaultConfigurationIsVisible = 0;
		};
/* End XCConfigurationList section */
	};
	rootObject = 16FDCFC51F44704700B1E402 /* Project object */;
}
